
Microsoft Visual Studio Solution File, Format Version 12.00
# Visual Studio Version 17
VisualStudioVersion = 17.11.35327.3
MinimumVisualStudioVersion = 10.0.40219.1
Project("{8BC9CEB8-8B4A-11D0-8D11-00A0C91BC942}") = "Days in a Month", "Days in a Month.vcxproj", "{03A0B44F-4111-4359-87BE-417788550D88}"
EndProject
Global
	GlobalSection(SolutionConfigurationPlatforms) = preSolution
		Debug|x64 = Debug|x64
		Debug|x86 = Debug|x86
		Release|x64 = Release|x64
		Release|x86 = Release|x86
	EndGlobalSection
	GlobalSection(ProjectConfigurationPlatforms) = postSolution
		{03A0B44F-4111-4359-87BE-417788550D88}.Debug|x64.ActiveCfg = Debug|x64
		{03A0B44F-4111-4359-87BE-417788550D88}.Debug|x64.Build.0 = Debug|x64
		{03A0B44F-4111-4359-87BE-417788550D88}.Debug|x86.ActiveCfg = Debug|Win32
		{03A0B44F-4111-4359-87BE-417788550D88}.Debug|x86.Build.0 = Debug|Win32
		{03A0B44F-4111-4359-87BE-417788550D88}.Release|x64.ActiveCfg = Release|x64
		{03A0B44F-4111-4359-87BE-417788550D88}.Release|x64.Build.0 = Release|x64
		{03A0B44F-4111-4359-87BE-417788550D88}.Release|x86.ActiveCfg = Release|Win32
		{03A0B44F-4111-4359-87BE-417788550D88}.Release|x86.Build.0 = Release|Win32
	EndGlobalSection
	GlobalSection(SolutionProperties) = preSolution
		HideSolutionNode = FALSE
	EndGlobalSection
	GlobalSection(ExtensibilityGlobals) = postSolution
		SolutionGuid = {FC43EC24-B391-4E71-9F79-F66F21CEC2F0}
	EndGlobalSection
EndGlobal
